
Microsoft Visual Studio Solution File, Format Version 12.00
# Visual Studio Version 16
VisualStudioVersion = 16.0.34114.132
MinimumVisualStudioVersion = 10.0.40219.1
Project("{2150E333-8FDC-42A3-9474-1A3956D46DE8}") = "Task0", "Task0", "{264C4153-A83F-4B91-B719-D19B76A9B288}"
EndProject
Project("{FAE04EC0-301F-11D3-BF4B-00C04F79EFBC}") = "Tyuiu.HubulovaVI.Sprint3.Task0.V6", "Tyuiu.HubulovaVI.Sprint3.Task0.V6\Tyuiu.HubulovaVI.Sprint3.Task0.V6.csproj", "{CCB610F7-1F1D-455F-BB53-840595A817C1}"
EndProject
Project("{FAE04EC0-301F-11D3-BF4B-00C04F79EFBC}") = "Tyuiu.HubulovaVI.Sprint3.Task0.V6.Lib", "Tyuiu.HubulovaVI.Sprint3.Task0.V6.Lib\Tyuiu.HubulovaVI.Sprint3.Task0.V6.Lib.csproj", "{4D241423-D606-49B5-A64C-AA8750BE89E4}"
EndProject
Project("{FAE04EC0-301F-11D3-BF4B-00C04F79EFBC}") = "Tyuiu.HubulovaVI.Sprint3.Task0.V6.Test", "Tyuiu.HubulovaVI.Sprint3.Task0.V6.Test\Tyuiu.HubulovaVI.Sprint3.Task0.V6.Test.csproj", "{FDBD7239-81AE-4322-B0E8-0E21E03BA198}"
EndProject
Project("{2150E333-8FDC-42A3-9474-1A3956D46DE8}") = "Task1", "Task1", "{32598F45-8D6D-4899-AF10-A4820AD4B99A}"
EndProject
Project("{FAE04EC0-301F-11D3-BF4B-00C04F79EFBC}") = "Tyuiu.HubulovaVI.Sprint3.Task1.V1", "Tyuiu.HubulovaVI.Sprint3.Task1.V1\Tyuiu.HubulovaVI.Sprint3.Task1.V1.csproj", "{5EDB5BB2-986D-4C56-8431-43850F010DF4}"
EndProject
Project("{FAE04EC0-301F-11D3-BF4B-00C04F79EFBC}") = "Tyuiu.HubulovaVI.Sprint3.Task1.V1.Lib", "Tyuiu.HubulovaVI.Sprint3.Task1.V1.Lib\Tyuiu.HubulovaVI.Sprint3.Task1.V1.Lib.csproj", "{FFB45AC8-01CE-4F21-B119-2646754E9E7D}"
EndProject
Project("{FAE04EC0-301F-11D3-BF4B-00C04F79EFBC}") = "Tyuiu.HubulovaVI.Sprint3.Task1.V1.Test", "Tyuiu.HubulovaVI.Sprint3.Task1.V1.Test\Tyuiu.HubulovaVI.Sprint3.Task1.V1.Test.csproj", "{E5451AD3-4AFE-4CFB-916E-18AA86754A84}"
EndProject
Project("{2150E333-8FDC-42A3-9474-1A3956D46DE8}") = "Task2", "Task2", "{ED277191-8E52-4185-A384-C8B0D3039DA6}"
EndProject
Project("{FAE04EC0-301F-11D3-BF4B-00C04F79EFBC}") = "Tyuiu.HubulovaVI.Sprint3.Task2.V16", "Tyuiu.HubulovaVI.Sprint3.Task2.V16\Tyuiu.HubulovaVI.Sprint3.Task2.V16.csproj", "{21E09BB3-2E71-44D5-BAA5-D5017C70645E}"
EndProject
Project("{FAE04EC0-301F-11D3-BF4B-00C04F79EFBC}") = "Tyuiu.HubulovaVI.Sprint3.Task2.V16.Lib", "Tyuiu.HubulovaVI.Sprint3.Task2.V16.Lib\Tyuiu.HubulovaVI.Sprint3.Task2.V16.Lib.csproj", "{A9C348F5-9675-4480-94D7-D54581A6E851}"
EndProject
Project("{FAE04EC0-301F-11D3-BF4B-00C04F79EFBC}") = "Tyuiu.HubulovaVI.Sprint3.Task2.V16.Test", "Tyuiu.HubulovaVI.Sprint3.Task2.V16.Test\Tyuiu.HubulovaVI.Sprint3.Task2.V16.Test.csproj", "{C01ED118-7844-4130-8B98-406569AD1C7A}"
EndProject
Global
	GlobalSection(SolutionConfigurationPlatforms) = preSolution
		Debug|Any CPU = Debug|Any CPU
		Release|Any CPU = Release|Any CPU
	EndGlobalSection
	GlobalSection(ProjectConfigurationPlatforms) = postSolution
		{CCB610F7-1F1D-455F-BB53-840595A817C1}.Debug|Any CPU.ActiveCfg = Debug|Any CPU
		{CCB610F7-1F1D-455F-BB53-840595A817C1}.Debug|Any CPU.Build.0 = Debug|Any CPU
		{CCB610F7-1F1D-455F-BB53-840595A817C1}.Release|Any CPU.ActiveCfg = Release|Any CPU
		{CCB610F7-1F1D-455F-BB53-840595A817C1}.Release|Any CPU.Build.0 = Release|Any CPU
		{4D241423-D606-49B5-A64C-AA8750BE89E4}.Debug|Any CPU.ActiveCfg = Debug|Any CPU
		{4D241423-D606-49B5-A64C-AA8750BE89E4}.Debug|Any CPU.Build.0 = Debug|Any CPU
		{4D241423-D606-49B5-A64C-AA8750BE89E4}.Release|Any CPU.ActiveCfg = Release|Any CPU
		{4D241423-D606-49B5-A64C-AA8750BE89E4}.Release|Any CPU.Build.0 = Release|Any CPU
		{FDBD7239-81AE-4322-B0E8-0E21E03BA198}.Debug|Any CPU.ActiveCfg = Debug|Any CPU
		{FDBD7239-81AE-4322-B0E8-0E21E03BA198}.Debug|Any CPU.Build.0 = Debug|Any CPU
		{FDBD7239-81AE-4322-B0E8-0E21E03BA198}.Release|Any CPU.ActiveCfg = Release|Any CPU
		{FDBD7239-81AE-4322-B0E8-0E21E03BA198}.Release|Any CPU.Build.0 = Release|Any CPU
		{5EDB5BB2-986D-4C56-8431-43850F010DF4}.Debug|Any CPU.ActiveCfg = Debug|Any CPU
		{5EDB5BB2-986D-4C56-8431-43850F010DF4}.Debug|Any CPU.Build.0 = Debug|Any CPU
		{5EDB5BB2-986D-4C56-8431-43850F010DF4}.Release|Any CPU.ActiveCfg = Release|Any CPU
		{5EDB5BB2-986D-4C56-8431-43850F010DF4}.Release|Any CPU.Build.0 = Release|Any CPU
		{FFB45AC8-01CE-4F21-B119-2646754E9E7D}.Debug|Any CPU.ActiveCfg = Debug|Any CPU
		{FFB45AC8-01CE-4F21-B119-2646754E9E7D}.Debug|Any CPU.Build.0 = Debug|Any CPU
		{FFB45AC8-01CE-4F21-B119-2646754E9E7D}.Release|Any CPU.ActiveCfg = Release|Any CPU
		{FFB45AC8-01CE-4F21-B119-2646754E9E7D}.Release|Any CPU.Build.0 = Release|Any CPU
		{E5451AD3-4AFE-4CFB-916E-18AA86754A84}.Debug|Any CPU.ActiveCfg = Debug|Any CPU
		{E5451AD3-4AFE-4CFB-916E-18AA86754A84}.Debug|Any CPU.Build.0 = Debug|Any CPU
		{E5451AD3-4AFE-4CFB-916E-18AA86754A84}.Release|Any CPU.ActiveCfg = Release|Any CPU
		{E5451AD3-4AFE-4CFB-916E-18AA86754A84}.Release|Any CPU.Build.0 = Release|Any CPU
		{21E09BB3-2E71-44D5-BAA5-D5017C70645E}.Debug|Any CPU.ActiveCfg = Debug|Any CPU
		{21E09BB3-2E71-44D5-BAA5-D5017C70645E}.Debug|Any CPU.Build.0 = Debug|Any CPU
		{21E09BB3-2E71-44D5-BAA5-D5017C70645E}.Release|Any CPU.ActiveCfg = Release|Any CPU
		{21E09BB3-2E71-44D5-BAA5-D5017C70645E}.Release|Any CPU.Build.0 = Release|Any CPU
		{A9C348F5-9675-4480-94D7-D54581A6E851}.Debug|Any CPU.ActiveCfg = Debug|Any CPU
		{A9C348F5-9675-4480-94D7-D54581A6E851}.Debug|Any CPU.Build.0 = Debug|Any CPU
		{A9C348F5-9675-4480-94D7-D54581A6E851}.Release|Any CPU.ActiveCfg = Release|Any CPU
		{A9C348F5-9675-4480-94D7-D54581A6E851}.Release|Any CPU.Build.0 = Release|Any CPU
		{C01ED118-7844-4130-8B98-406569AD1C7A}.Debug|Any CPU.ActiveCfg = Debug|Any CPU
		{C01ED118-7844-4130-8B98-406569AD1C7A}.Debug|Any CPU.Build.0 = Debug|Any CPU
		{C01ED118-7844-4130-8B98-406569AD1C7A}.Release|Any CPU.ActiveCfg = Release|Any CPU
		{C01ED118-7844-4130-8B98-406569AD1C7A}.Release|Any CPU.Build.0 = Release|Any CPU
	EndGlobalSection
	GlobalSection(SolutionProperties) = preSolution
		HideSolutionNode = FALSE
	EndGlobalSection
	GlobalSection(NestedProjects) = preSolution
		{CCB610F7-1F1D-455F-BB53-840595A817C1} = {264C4153-A83F-4B91-B719-D19B76A9B288}
		{4D241423-D606-49B5-A64C-AA8750BE89E4} = {264C4153-A83F-4B91-B719-D19B76A9B288}
		{FDBD7239-81AE-4322-B0E8-0E21E03BA198} = {264C4153-A83F-4B91-B719-D19B76A9B288}
		{5EDB5BB2-986D-4C56-8431-43850F010DF4} = {32598F45-8D6D-4899-AF10-A4820AD4B99A}
		{FFB45AC8-01CE-4F21-B119-2646754E9E7D} = {32598F45-8D6D-4899-AF10-A4820AD4B99A}
		{E5451AD3-4AFE-4CFB-916E-18AA86754A84} = {32598F45-8D6D-4899-AF10-A4820AD4B99A}
		{21E09BB3-2E71-44D5-BAA5-D5017C70645E} = {ED277191-8E52-4185-A384-C8B0D3039DA6}
		{A9C348F5-9675-4480-94D7-D54581A6E851} = {ED277191-8E52-4185-A384-C8B0D3039DA6}
		{C01ED118-7844-4130-8B98-406569AD1C7A} = {ED277191-8E52-4185-A384-C8B0D3039DA6}
	EndGlobalSection
	GlobalSection(ExtensibilityGlobals) = postSolution
		SolutionGuid = {9177D212-D095-478D-9407-AC707C9FBAB3}
	EndGlobalSection
EndGlobal
